{
  "name": "@persistr/server-api",
  "version": "4.3.5",
  "lockfileVersion": 2,
  "requires": true,
  "packages": {
    "": {
      "name": "@persistr/server-api",
      "version": "4.3.4",
      "license": "MIT",
      "dependencies": {
        "@persistr/server-crypto": "^4.3.4",
        "@persistr/server-debug": "^4.3.4",
        "@persistr/server-errors": "^4.3.4",
        "@persistr/server-fluent": "^4.3.4",
        "@persistr/server-schemas": "^4.3.4",
        "streaming-json-stringify": "^3.1.0",
        "uuid": "^8.3.2"
      }
    },
    "node_modules/@persistr/server-crypto": {
      "version": "4.3.4",
      "resolved": "https://registry.npmjs.org/@persistr/server-crypto/-/server-crypto-4.3.4.tgz",
      "integrity": "sha512-TA/IEyFGBqmlfAz0tlJC2h5TluiUoyVYqvGFOHwKB+YVx92vm+K8TZzg3aMgEVvmfAHqg3/v/8vTO4ugzy0KDw==",
      "dependencies": {
        "@persistr/server-errors": "^4.3.4",
        "@persistr/server-schemas": "^4.3.4",
        "luxon": "^1.3.2",
        "node-webtokens": "^1.0.0",
        "password-hash-and-salt": "^0.1.4"
      }
    },
    "node_modules/@persistr/server-debug": {
      "version": "4.3.4",
      "resolved": "https://registry.npmjs.org/@persistr/server-debug/-/server-debug-4.3.4.tgz",
      "integrity": "sha512-NHM0FDO7gW6zW1QnTeK3NpoAsxnCeRjAqwutoDxkT/MxVAmMu+1xmSuluExJzByahiM+YSfKd4o3qYnMFi2iRw==",
      "dependencies": {
        "debug": "^4.1.1"
      }
    },
    "node_modules/@persistr/server-errors": {
      "version": "4.3.4",
      "resolved": "https://registry.npmjs.org/@persistr/server-errors/-/server-errors-4.3.4.tgz",
      "integrity": "sha512-EselTw7R4BHSxL8tUrnLUossNxe0y8plVxkeKZs71OqtaAtRlG6dwUHm0i8oiowOj3y+1S9NOmq4x75WjcuSpw=="
    },
    "node_modules/@persistr/server-fluent": {
      "version": "4.3.4",
      "resolved": "https://registry.npmjs.org/@persistr/server-fluent/-/server-fluent-4.3.4.tgz",
      "integrity": "sha512-s0Edg3WjsCl6omVFdgpLoD7zQHFgYH0c4VFQFmCB+yIdDMf/Myg9BgvdjYsZ/fyncYXEBxiwHnYo5lSsxrotAg==",
      "dependencies": {
        "@persistr/server-errors": "^4.3.4",
        "async-queue": "^0.1.0",
        "luxon": "^1.15.0"
      }
    },
    "node_modules/@persistr/server-schemas": {
      "version": "4.3.4",
      "resolved": "https://registry.npmjs.org/@persistr/server-schemas/-/server-schemas-4.3.4.tgz",
      "integrity": "sha512-Y4QTxGBMyIqThqKQrr+kR/Bras/BbCYS42JwG2CvseS3+jkjoIR7k2gI4nVzGEH+r+nCSxHXXt7xm+WtOPatcA==",
      "dependencies": {
        "@persistr/server-errors": "^4.3.4",
        "ajv": "^7.0.4"
      }
    },
    "node_modules/ajv": {
      "version": "7.0.4",
      "resolved": "https://registry.npmjs.org/ajv/-/ajv-7.0.4.tgz",
      "integrity": "sha512-xzzzaqgEQfmuhbhAoqjJ8T/1okb6gAzXn/eQRNpAN1AEUoHJTNF9xCDRTtf/s3SKldtZfa+RJeTs+BQq+eZ/sw==",
      "dependencies": {
        "fast-deep-equal": "^3.1.1",
        "json-schema-traverse": "^1.0.0",
        "require-from-string": "^2.0.2",
        "uri-js": "^4.2.2"
      },
      "funding": {
        "type": "github",
        "url": "https://github.com/sponsors/epoberezkin"
      }
    },
    "node_modules/async-queue": {
      "version": "0.1.0",
      "resolved": "https://registry.npmjs.org/async-queue/-/async-queue-0.1.0.tgz",
      "integrity": "sha1-5+H2esZtP2x7h1i4XyywuqZbavQ=",
      "engines": {
        "node": ">= 0.4"
      }
    },
    "node_modules/core-util-is": {
      "version": "1.0.2",
      "resolved": "https://registry.npmjs.org/core-util-is/-/core-util-is-1.0.2.tgz",
      "integrity": "sha1-tf1UIgqivFq1eqtxQMlAdUUDwac="
    },
    "node_modules/debug": {
      "version": "4.3.1",
      "resolved": "https://registry.npmjs.org/debug/-/debug-4.3.1.tgz",
      "integrity": "sha512-doEwdvm4PCeK4K3RQN2ZC2BYUBaxwLARCqZmMjtF8a51J2Rb0xpVloFRnCODwqjpwnAoao4pelN8l3RJdv3gRQ==",
      "dependencies": {
        "ms": "2.1.2"
      },
      "engines": {
        "node": ">=6.0"
      },
      "peerDependenciesMeta": {
        "supports-color": {
          "optional": true
        }
      }
    },
    "node_modules/fast-deep-equal": {
      "version": "3.1.3",
      "resolved": "https://registry.npmjs.org/fast-deep-equal/-/fast-deep-equal-3.1.3.tgz",
      "integrity": "sha512-f3qQ9oQy9j2AhBe/H9VC91wLmKBCCU/gDOnKNAYG5hswO7BLKj09Hc5HYNz9cGI++xlpDCIgDaitVs03ATR84Q=="
    },
    "node_modules/inherits": {
      "version": "2.0.4",
      "resolved": "https://registry.npmjs.org/inherits/-/inherits-2.0.4.tgz",
      "integrity": "sha512-k/vGaX4/Yla3WzyMCvTQOXYeIHvqOKtnqBduzTHpzpQZzAskKMhZ2K+EnBiSM9zGSoIFeMpXKxa4dYeZIQqewQ=="
    },
    "node_modules/isarray": {
      "version": "1.0.0",
      "resolved": "https://registry.npmjs.org/isarray/-/isarray-1.0.0.tgz",
      "integrity": "sha1-u5NdSFgsuhaMBoNJV6VKPgcSTxE="
    },
    "node_modules/json-schema-traverse": {
      "version": "1.0.0",
      "resolved": "https://registry.npmjs.org/json-schema-traverse/-/json-schema-traverse-1.0.0.tgz",
      "integrity": "sha512-NM8/P9n3XjXhIZn1lLhkFaACTOURQXjWhV4BA/RnOv8xvgqtqpAX9IO4mRQxSx1Rlo4tqzeqb0sOlruaOy3dug=="
    },
    "node_modules/json-stringify-safe": {
      "version": "5.0.1",
      "resolved": "https://registry.npmjs.org/json-stringify-safe/-/json-stringify-safe-5.0.1.tgz",
      "integrity": "sha1-Epai1Y/UXxmg9s4B1lcB4sc1tus="
    },
    "node_modules/luxon": {
      "version": "1.25.0",
      "resolved": "https://registry.npmjs.org/luxon/-/luxon-1.25.0.tgz",
      "integrity": "sha512-hEgLurSH8kQRjY6i4YLey+mcKVAWXbDNlZRmM6AgWDJ1cY3atl8Ztf5wEY7VBReFbmGnwQPz7KYJblL8B2k0jQ==",
      "engines": {
        "node": "*"
      }
    },
    "node_modules/ms": {
      "version": "2.1.2",
      "resolved": "https://registry.npmjs.org/ms/-/ms-2.1.2.tgz",
      "integrity": "sha512-sGkPx+VjMtmA6MX27oA4FBFELFCZZ4S4XqeGOXCv68tT+jb3vk/RyaKWP0PTKyWtmLSM0b+adUTEvbs1PEaH2w=="
    },
    "node_modules/node-webtokens": {
      "version": "1.0.4",
      "resolved": "https://registry.npmjs.org/node-webtokens/-/node-webtokens-1.0.4.tgz",
      "integrity": "sha512-Sla56CeSLWvPbwud2kogqf5edQtKNXZBtXDDpmOzAgNZjwETbK/Am6PXfs54iZPLBm8K8amZ9XWaCQwGqZmKyQ==",
      "engines": {
        "node": ">=6.6.0"
      }
    },
    "node_modules/password-hash-and-salt": {
      "version": "0.1.4",
      "resolved": "https://registry.npmjs.org/password-hash-and-salt/-/password-hash-and-salt-0.1.4.tgz",
      "integrity": "sha1-+4e+F5tCsI5JMdiIOROVI43xgLQ="
    },
    "node_modules/process-nextick-args": {
      "version": "2.0.1",
      "resolved": "https://registry.npmjs.org/process-nextick-args/-/process-nextick-args-2.0.1.tgz",
      "integrity": "sha512-3ouUOpQhtgrbOa17J7+uxOTpITYWaGP7/AhoR3+A+/1e9skrzelGi/dXzEYyvbxubEF6Wn2ypscTKiKJFFn1ag=="
    },
    "node_modules/punycode": {
      "version": "2.1.1",
      "resolved": "https://registry.npmjs.org/punycode/-/punycode-2.1.1.tgz",
      "integrity": "sha512-XRsRjdf+j5ml+y/6GKHPZbrF/8p2Yga0JPtdqTIY2Xe5ohJPD9saDJJLPvp9+NSBprVvevdXZybnj2cv8OEd0A==",
      "engines": {
        "node": ">=6"
      }
    },
    "node_modules/readable-stream": {
      "version": "2.3.7",
      "resolved": "https://registry.npmjs.org/readable-stream/-/readable-stream-2.3.7.tgz",
      "integrity": "sha512-Ebho8K4jIbHAxnuxi7o42OrZgF/ZTNcsZj6nRKyUmkhLFq8CHItp/fy6hQZuZmP/n3yZ9VBUbp4zz/mX8hmYPw==",
      "dependencies": {
        "core-util-is": "~1.0.0",
        "inherits": "~2.0.3",
        "isarray": "~1.0.0",
        "process-nextick-args": "~2.0.0",
        "safe-buffer": "~5.1.1",
        "string_decoder": "~1.1.1",
        "util-deprecate": "~1.0.1"
      }
    },
    "node_modules/require-from-string": {
      "version": "2.0.2",
      "resolved": "https://registry.npmjs.org/require-from-string/-/require-from-string-2.0.2.tgz",
      "integrity": "sha512-Xf0nWe6RseziFMu+Ap9biiUbmplq6S9/p+7w7YXP/JBHhrUDDUhwa+vANyubuqfZWTveU//DYVGsDG7RKL/vEw==",
      "engines": {
        "node": ">=0.10.0"
      }
    },
    "node_modules/safe-buffer": {
      "version": "5.1.2",
      "resolved": "https://registry.npmjs.org/safe-buffer/-/safe-buffer-5.1.2.tgz",
      "integrity": "sha512-Gd2UZBJDkXlY7GbJxfsE8/nvKkUEU1G38c1siN6QP6a9PT9MmHB8GnpscSmMJSoF8LOIrt8ud/wPtojys4G6+g=="
    },
    "node_modules/streaming-json-stringify": {
      "version": "3.1.0",
      "resolved": "https://registry.npmjs.org/streaming-json-stringify/-/streaming-json-stringify-3.1.0.tgz",
      "integrity": "sha1-gCAEN6mTzDnE/gAmO3s7kDrIevU=",
      "dependencies": {
        "json-stringify-safe": "5",
        "readable-stream": "2"
      }
    },
    "node_modules/string_decoder": {
      "version": "1.1.1",
      "resolved": "https://registry.npmjs.org/string_decoder/-/string_decoder-1.1.1.tgz",
      "integrity": "sha512-n/ShnvDi6FHbbVfviro+WojiFzv+s8MPMHBczVePfUpDJLwoLT0ht1l4YwBCbi8pJAveEEdnkHyPyTP/mzRfwg==",
      "dependencies": {
        "safe-buffer": "~5.1.0"
      }
    },
    "node_modules/uri-js": {
      "version": "4.4.1",
      "resolved": "https://registry.npmjs.org/uri-js/-/uri-js-4.4.1.tgz",
      "integrity": "sha512-7rKUyy33Q1yc98pQ1DAmLtwX109F7TIfWlW1Ydo8Wl1ii1SeHieeh0HHfPeL2fMXK6z0s8ecKs9frCuLJvndBg==",
      "dependencies": {
        "punycode": "^2.1.0"
      }
    },
    "node_modules/util-deprecate": {
      "version": "1.0.2",
      "resolved": "https://registry.npmjs.org/util-deprecate/-/util-deprecate-1.0.2.tgz",
      "integrity": "sha1-RQ1Nyfpw3nMnYvvS1KKJgUGaDM8="
    },
    "node_modules/uuid": {
      "version": "8.3.2",
      "resolved": "https://registry.npmjs.org/uuid/-/uuid-8.3.2.tgz",
      "integrity": "sha512-+NYs2QeMWy+GWFOEm9xnn6HCDp0l7QBD7ml8zLUmJ+93Q5NF0NocErnwkTkXVFNiX3/fpC6afS8Dhb/gz7R7eg==",
      "bin": {
        "uuid": "dist/bin/uuid"
      }
    }
  },
  "dependencies": {
    "@persistr/server-crypto": {
      "version": "4.3.4",
      "resolved": "https://registry.npmjs.org/@persistr/server-crypto/-/server-crypto-4.3.4.tgz",
      "integrity": "sha512-TA/IEyFGBqmlfAz0tlJC2h5TluiUoyVYqvGFOHwKB+YVx92vm+K8TZzg3aMgEVvmfAHqg3/v/8vTO4ugzy0KDw==",
      "requires": {
        "@persistr/server-errors": "^4.3.4",
        "@persistr/server-schemas": "^4.3.4",
        "luxon": "^1.3.2",
        "node-webtokens": "^1.0.0",
        "password-hash-and-salt": "^0.1.4"
      }
    },
    "@persistr/server-debug": {
      "version": "4.3.4",
      "resolved": "https://registry.npmjs.org/@persistr/server-debug/-/server-debug-4.3.4.tgz",
      "integrity": "sha512-NHM0FDO7gW6zW1QnTeK3NpoAsxnCeRjAqwutoDxkT/MxVAmMu+1xmSuluExJzByahiM+YSfKd4o3qYnMFi2iRw==",
      "requires": {
        "debug": "^4.1.1"
      }
    },
    "@persistr/server-errors": {
      "version": "4.3.4",
      "resolved": "https://registry.npmjs.org/@persistr/server-errors/-/server-errors-4.3.4.tgz",
      "integrity": "sha512-EselTw7R4BHSxL8tUrnLUossNxe0y8plVxkeKZs71OqtaAtRlG6dwUHm0i8oiowOj3y+1S9NOmq4x75WjcuSpw=="
    },
    "@persistr/server-fluent": {
      "version": "4.3.4",
      "resolved": "https://registry.npmjs.org/@persistr/server-fluent/-/server-fluent-4.3.4.tgz",
      "integrity": "sha512-s0Edg3WjsCl6omVFdgpLoD7zQHFgYH0c4VFQFmCB+yIdDMf/Myg9BgvdjYsZ/fyncYXEBxiwHnYo5lSsxrotAg==",
      "requires": {
        "@persistr/server-errors": "^4.3.4",
        "async-queue": "^0.1.0",
        "luxon": "^1.15.0"
      }
    },
    "@persistr/server-schemas": {
      "version": "4.3.4",
      "resolved": "https://registry.npmjs.org/@persistr/server-schemas/-/server-schemas-4.3.4.tgz",
      "integrity": "sha512-Y4QTxGBMyIqThqKQrr+kR/Bras/BbCYS42JwG2CvseS3+jkjoIR7k2gI4nVzGEH+r+nCSxHXXt7xm+WtOPatcA==",
      "requires": {
        "@persistr/server-errors": "^4.3.4",
        "ajv": "^7.0.4"
      }
    },
    "ajv": {
      "version": "7.0.4",
      "resolved": "https://registry.npmjs.org/ajv/-/ajv-7.0.4.tgz",
      "integrity": "sha512-xzzzaqgEQfmuhbhAoqjJ8T/1okb6gAzXn/eQRNpAN1AEUoHJTNF9xCDRTtf/s3SKldtZfa+RJeTs+BQq+eZ/sw==",
      "requires": {
        "fast-deep-equal": "^3.1.1",
        "json-schema-traverse": "^1.0.0",
        "require-from-string": "^2.0.2",
        "uri-js": "^4.2.2"
      }
    },
    "async-queue": {
      "version": "0.1.0",
      "resolved": "https://registry.npmjs.org/async-queue/-/async-queue-0.1.0.tgz",
      "integrity": "sha1-5+H2esZtP2x7h1i4XyywuqZbavQ="
    },
    "core-util-is": {
      "version": "1.0.2",
      "resolved": "https://registry.npmjs.org/core-util-is/-/core-util-is-1.0.2.tgz",
      "integrity": "sha1-tf1UIgqivFq1eqtxQMlAdUUDwac="
    },
    "debug": {
      "version": "4.3.1",
      "resolved": "https://registry.npmjs.org/debug/-/debug-4.3.1.tgz",
      "integrity": "sha512-doEwdvm4PCeK4K3RQN2ZC2BYUBaxwLARCqZmMjtF8a51J2Rb0xpVloFRnCODwqjpwnAoao4pelN8l3RJdv3gRQ==",
      "requires": {
        "ms": "2.1.2"
      }
    },
    "fast-deep-equal": {
      "version": "3.1.3",
      "resolved": "https://registry.npmjs.org/fast-deep-equal/-/fast-deep-equal-3.1.3.tgz",
      "integrity": "sha512-f3qQ9oQy9j2AhBe/H9VC91wLmKBCCU/gDOnKNAYG5hswO7BLKj09Hc5HYNz9cGI++xlpDCIgDaitVs03ATR84Q=="
    },
    "inherits": {
      "version": "2.0.4",
      "resolved": "https://registry.npmjs.org/inherits/-/inherits-2.0.4.tgz",
      "integrity": "sha512-k/vGaX4/Yla3WzyMCvTQOXYeIHvqOKtnqBduzTHpzpQZzAskKMhZ2K+EnBiSM9zGSoIFeMpXKxa4dYeZIQqewQ=="
    },
    "isarray": {
      "version": "1.0.0",
      "resolved": "https://registry.npmjs.org/isarray/-/isarray-1.0.0.tgz",
      "integrity": "sha1-u5NdSFgsuhaMBoNJV6VKPgcSTxE="
    },
    "json-schema-traverse": {
      "version": "1.0.0",
      "resolved": "https://registry.npmjs.org/json-schema-traverse/-/json-schema-traverse-1.0.0.tgz",
      "integrity": "sha512-NM8/P9n3XjXhIZn1lLhkFaACTOURQXjWhV4BA/RnOv8xvgqtqpAX9IO4mRQxSx1Rlo4tqzeqb0sOlruaOy3dug=="
    },
    "json-stringify-safe": {
      "version": "5.0.1",
      "resolved": "https://registry.npmjs.org/json-stringify-safe/-/json-stringify-safe-5.0.1.tgz",
      "integrity": "sha1-Epai1Y/UXxmg9s4B1lcB4sc1tus="
    },
    "luxon": {
      "version": "1.25.0",
      "resolved": "https://registry.npmjs.org/luxon/-/luxon-1.25.0.tgz",
      "integrity": "sha512-hEgLurSH8kQRjY6i4YLey+mcKVAWXbDNlZRmM6AgWDJ1cY3atl8Ztf5wEY7VBReFbmGnwQPz7KYJblL8B2k0jQ=="
    },
    "ms": {
      "version": "2.1.2",
      "resolved": "https://registry.npmjs.org/ms/-/ms-2.1.2.tgz",
      "integrity": "sha512-sGkPx+VjMtmA6MX27oA4FBFELFCZZ4S4XqeGOXCv68tT+jb3vk/RyaKWP0PTKyWtmLSM0b+adUTEvbs1PEaH2w=="
    },
    "node-webtokens": {
      "version": "1.0.4",
      "resolved": "https://registry.npmjs.org/node-webtokens/-/node-webtokens-1.0.4.tgz",
      "integrity": "sha512-Sla56CeSLWvPbwud2kogqf5edQtKNXZBtXDDpmOzAgNZjwETbK/Am6PXfs54iZPLBm8K8amZ9XWaCQwGqZmKyQ=="
    },
    "password-hash-and-salt": {
      "version": "0.1.4",
      "resolved": "https://registry.npmjs.org/password-hash-and-salt/-/password-hash-and-salt-0.1.4.tgz",
      "integrity": "sha1-+4e+F5tCsI5JMdiIOROVI43xgLQ="
    },
    "process-nextick-args": {
      "version": "2.0.1",
      "resolved": "https://registry.npmjs.org/process-nextick-args/-/process-nextick-args-2.0.1.tgz",
      "integrity": "sha512-3ouUOpQhtgrbOa17J7+uxOTpITYWaGP7/AhoR3+A+/1e9skrzelGi/dXzEYyvbxubEF6Wn2ypscTKiKJFFn1ag=="
    },
    "punycode": {
      "version": "2.1.1",
      "resolved": "https://registry.npmjs.org/punycode/-/punycode-2.1.1.tgz",
      "integrity": "sha512-XRsRjdf+j5ml+y/6GKHPZbrF/8p2Yga0JPtdqTIY2Xe5ohJPD9saDJJLPvp9+NSBprVvevdXZybnj2cv8OEd0A=="
    },
    "readable-stream": {
      "version": "2.3.7",
      "resolved": "https://registry.npmjs.org/readable-stream/-/readable-stream-2.3.7.tgz",
      "integrity": "sha512-Ebho8K4jIbHAxnuxi7o42OrZgF/ZTNcsZj6nRKyUmkhLFq8CHItp/fy6hQZuZmP/n3yZ9VBUbp4zz/mX8hmYPw==",
      "requires": {
        "core-util-is": "~1.0.0",
        "inherits": "~2.0.3",
        "isarray": "~1.0.0",
        "process-nextick-args": "~2.0.0",
        "safe-buffer": "~5.1.1",
        "string_decoder": "~1.1.1",
        "util-deprecate": "~1.0.1"
      }
    },
    "require-from-string": {
      "version": "2.0.2",
      "resolved": "https://registry.npmjs.org/require-from-string/-/require-from-string-2.0.2.tgz",
      "integrity": "sha512-Xf0nWe6RseziFMu+Ap9biiUbmplq6S9/p+7w7YXP/JBHhrUDDUhwa+vANyubuqfZWTveU//DYVGsDG7RKL/vEw=="
    },
    "safe-buffer": {
      "version": "5.1.2",
      "resolved": "https://registry.npmjs.org/safe-buffer/-/safe-buffer-5.1.2.tgz",
      "integrity": "sha512-Gd2UZBJDkXlY7GbJxfsE8/nvKkUEU1G38c1siN6QP6a9PT9MmHB8GnpscSmMJSoF8LOIrt8ud/wPtojys4G6+g=="
    },
    "streaming-json-stringify": {
      "version": "3.1.0",
      "resolved": "https://registry.npmjs.org/streaming-json-stringify/-/streaming-json-stringify-3.1.0.tgz",
      "integrity": "sha1-gCAEN6mTzDnE/gAmO3s7kDrIevU=",
      "requires": {
        "json-stringify-safe": "5",
        "readable-stream": "2"
      }
    },
    "string_decoder": {
      "version": "1.1.1",
      "resolved": "https://registry.npmjs.org/string_decoder/-/string_decoder-1.1.1.tgz",
      "integrity": "sha512-n/ShnvDi6FHbbVfviro+WojiFzv+s8MPMHBczVePfUpDJLwoLT0ht1l4YwBCbi8pJAveEEdnkHyPyTP/mzRfwg==",
      "requires": {
        "safe-buffer": "~5.1.0"
      }
    },
    "uri-js": {
      "version": "4.4.1",
      "resolved": "https://registry.npmjs.org/uri-js/-/uri-js-4.4.1.tgz",
      "integrity": "sha512-7rKUyy33Q1yc98pQ1DAmLtwX109F7TIfWlW1Ydo8Wl1ii1SeHieeh0HHfPeL2fMXK6z0s8ecKs9frCuLJvndBg==",
      "requires": {
        "punycode": "^2.1.0"
      }
    },
    "util-deprecate": {
      "version": "1.0.2",
      "resolved": "https://registry.npmjs.org/util-deprecate/-/util-deprecate-1.0.2.tgz",
      "integrity": "sha1-RQ1Nyfpw3nMnYvvS1KKJgUGaDM8="
    },
    "uuid": {
      "version": "8.3.2",
      "resolved": "https://registry.npmjs.org/uuid/-/uuid-8.3.2.tgz",
      "integrity": "sha512-+NYs2QeMWy+GWFOEm9xnn6HCDp0l7QBD7ml8zLUmJ+93Q5NF0NocErnwkTkXVFNiX3/fpC6afS8Dhb/gz7R7eg=="
    }
  }
}
