{
  "name": "@persistr/server-api",
  "version": "4.3.2",
  "lockfileVersion": 1,
  "requires": true,
  "dependencies": {
    "@persistr/server-crypto": {
      "version": "4.0.0",
      "requires": {
        "@persistr/server-errors": "^4.0.0",
        "@persistr/server-schemas": "^4.0.0",
        "luxon": "^1.3.2",
        "node-webtokens": "^1.0.0",
        "password-hash-and-salt": "^0.1.4"
      },
      "dependencies": {
        "@persistr/server-errors": {
          "version": "4.0.0"
        },
        "@persistr/server-schemas": {
          "version": "4.0.0",
          "requires": {
            "@persistr/server-errors": "^4.0.0",
            "ajv": "^6.10.0"
          },
          "dependencies": {
            "@persistr/server-errors": {
              "version": "4.0.0"
            },
            "ajv": {
              "version": "6.10.0",
              "resolved": "https://registry.npmjs.org/ajv/-/ajv-6.10.0.tgz",
              "integrity": "sha512-nffhOpkymDECQyR0mnsUtoCE8RlX38G0rYP+wgLWFyZuUyuuojSSvi/+euOiQBIn63whYwYVIIH1TvE3tu4OEg==",
              "requires": {
                "fast-deep-equal": "^2.0.1",
                "fast-json-stable-stringify": "^2.0.0",
                "json-schema-traverse": "^0.4.1",
                "uri-js": "^4.2.2"
              }
            },
            "fast-deep-equal": {
              "version": "2.0.1",
              "resolved": "https://registry.npmjs.org/fast-deep-equal/-/fast-deep-equal-2.0.1.tgz",
              "integrity": "sha1-ewUhjd+WZ79/Nwv3/bLLFf3Qqkk="
            },
            "fast-json-stable-stringify": {
              "version": "2.0.0",
              "resolved": "https://registry.npmjs.org/fast-json-stable-stringify/-/fast-json-stable-stringify-2.0.0.tgz",
              "integrity": "sha1-1RQsDK7msRifh9OnYREGT4bIu/I="
            },
            "json-schema-traverse": {
              "version": "0.4.1",
              "resolved": "https://registry.npmjs.org/json-schema-traverse/-/json-schema-traverse-0.4.1.tgz",
              "integrity": "sha512-xbbCH5dCYU5T8LcEhhuh7HJ88HXuW3qsI3Y0zOZFKfZEHcpWiHU/Jxzk629Brsab/mMiHQti9wMP+845RPe3Vg=="
            },
            "punycode": {
              "version": "2.1.1",
              "resolved": "https://registry.npmjs.org/punycode/-/punycode-2.1.1.tgz",
              "integrity": "sha512-XRsRjdf+j5ml+y/6GKHPZbrF/8p2Yga0JPtdqTIY2Xe5ohJPD9saDJJLPvp9+NSBprVvevdXZybnj2cv8OEd0A=="
            },
            "uri-js": {
              "version": "4.2.2",
              "resolved": "https://registry.npmjs.org/uri-js/-/uri-js-4.2.2.tgz",
              "integrity": "sha512-KY9Frmirql91X2Qgjry0Wd4Y+YTdrdZheS8TFwvkbLWf/G5KNJDCh6pKL5OZctEW4+0Baa5idK2ZQuELRwPznQ==",
              "requires": {
                "punycode": "^2.1.0"
              }
            }
          }
        },
        "luxon": {
          "version": "1.15.0",
          "resolved": "https://registry.npmjs.org/luxon/-/luxon-1.15.0.tgz",
          "integrity": "sha512-HIpK4zIonObWHj9UC80ElykmM/0jTuuXcbPYBYbDGZ3Cq2bL9rACcmppoc6zm5JnmHpnK5bRMIp8/+ei4O0y2Q=="
        },
        "node-webtokens": {
          "version": "1.0.0",
          "resolved": "https://registry.npmjs.org/node-webtokens/-/node-webtokens-1.0.0.tgz",
          "integrity": "sha512-gxnupMQ4UKs2mU5FYg95XAiKxtAwDWDDJAF6BkyvvpHfb1E8MLIfqyGhEWs2ytzH4vogoou7LZ2hd0d+NWk88A=="
        },
        "password-hash-and-salt": {
          "version": "0.1.4",
          "resolved": "https://registry.npmjs.org/password-hash-and-salt/-/password-hash-and-salt-0.1.4.tgz",
          "integrity": "sha1-+4e+F5tCsI5JMdiIOROVI43xgLQ="
        }
      }
    },
    "@persistr/server-debug": {
      "version": "4.0.0",
      "requires": {
        "debug": "^4.1.1"
      },
      "dependencies": {
        "debug": {
          "version": "4.1.1",
          "resolved": "https://registry.npmjs.org/debug/-/debug-4.1.1.tgz",
          "integrity": "sha512-pYAIzeRo8J6KPEaJ0VWOh5Pzkbw/RetuzehGM7QRRX5he4fPHx2rdKMB256ehJCkX+XRQm16eZLqLNS8RSZXZw==",
          "requires": {
            "ms": "^2.1.1"
          }
        },
        "ms": {
          "version": "2.1.2",
          "resolved": "https://registry.npmjs.org/ms/-/ms-2.1.2.tgz",
          "integrity": "sha512-sGkPx+VjMtmA6MX27oA4FBFELFCZZ4S4XqeGOXCv68tT+jb3vk/RyaKWP0PTKyWtmLSM0b+adUTEvbs1PEaH2w=="
        }
      }
    },
    "@persistr/server-errors": {
      "version": "4.0.0"
    },
    "@persistr/server-fluent": {
      "version": "4.0.0",
      "requires": {
        "async-queue": "^0.1.0",
        "luxon": "^1.15.0"
      },
      "dependencies": {
        "@persistr/server-crypto": {
          "requires": {
            "@persistr/server-errors": "^4.0.0",
            "@persistr/server-schemas": "^4.0.0",
            "luxon": "^1.3.2",
            "node-webtokens": "^1.0.0",
            "password-hash-and-salt": "^0.1.4"
          },
          "dependencies": {
            "@persistr/server-errors": {
              "version": "4.0.0"
            },
            "@persistr/server-schemas": {
              "version": "4.0.0",
              "requires": {
                "@persistr/server-errors": "^4.0.0",
                "ajv": "^6.10.0"
              },
              "dependencies": {}
            },
            "luxon": {
              "version": "1.15.0",
              "resolved": "https://registry.npmjs.org/luxon/-/luxon-1.15.0.tgz",
              "integrity": "sha512-HIpK4zIonObWHj9UC80ElykmM/0jTuuXcbPYBYbDGZ3Cq2bL9rACcmppoc6zm5JnmHpnK5bRMIp8/+ei4O0y2Q=="
            },
            "node-webtokens": {
              "version": "1.0.0",
              "resolved": "https://registry.npmjs.org/node-webtokens/-/node-webtokens-1.0.0.tgz",
              "integrity": "sha512-gxnupMQ4UKs2mU5FYg95XAiKxtAwDWDDJAF6BkyvvpHfb1E8MLIfqyGhEWs2ytzH4vogoou7LZ2hd0d+NWk88A=="
            },
            "password-hash-and-salt": {
              "version": "0.1.4",
              "resolved": "https://registry.npmjs.org/password-hash-and-salt/-/password-hash-and-salt-0.1.4.tgz",
              "integrity": "sha1-+4e+F5tCsI5JMdiIOROVI43xgLQ="
            }
          }
        },
        "@persistr/server-debug": {
          "requires": {
            "debug": "^4.1.1"
          },
          "dependencies": {
            "debug": {
              "version": "4.1.1",
              "resolved": "https://registry.npmjs.org/debug/-/debug-4.1.1.tgz",
              "integrity": "sha512-pYAIzeRo8J6KPEaJ0VWOh5Pzkbw/RetuzehGM7QRRX5he4fPHx2rdKMB256ehJCkX+XRQm16eZLqLNS8RSZXZw==",
              "requires": {
                "ms": "^2.1.1"
              }
            },
            "ms": {
              "version": "2.1.2",
              "resolved": "https://registry.npmjs.org/ms/-/ms-2.1.2.tgz",
              "integrity": "sha512-sGkPx+VjMtmA6MX27oA4FBFELFCZZ4S4XqeGOXCv68tT+jb3vk/RyaKWP0PTKyWtmLSM0b+adUTEvbs1PEaH2w=="
            }
          }
        },
        "@persistr/server-errors": {},
        "@persistr/server-schemas": {
          "requires": {
            "@persistr/server-errors": "^4.0.0",
            "ajv": "^6.10.0"
          },
          "dependencies": {
            "@persistr/server-errors": {
              "version": "4.0.0"
            },
            "ajv": {
              "version": "6.10.0",
              "resolved": "https://registry.npmjs.org/ajv/-/ajv-6.10.0.tgz",
              "integrity": "sha512-nffhOpkymDECQyR0mnsUtoCE8RlX38G0rYP+wgLWFyZuUyuuojSSvi/+euOiQBIn63whYwYVIIH1TvE3tu4OEg==",
              "requires": {
                "fast-deep-equal": "^2.0.1",
                "fast-json-stable-stringify": "^2.0.0",
                "json-schema-traverse": "^0.4.1",
                "uri-js": "^4.2.2"
              }
            },
            "fast-deep-equal": {
              "version": "2.0.1",
              "resolved": "https://registry.npmjs.org/fast-deep-equal/-/fast-deep-equal-2.0.1.tgz",
              "integrity": "sha1-ewUhjd+WZ79/Nwv3/bLLFf3Qqkk="
            },
            "fast-json-stable-stringify": {
              "version": "2.0.0",
              "resolved": "https://registry.npmjs.org/fast-json-stable-stringify/-/fast-json-stable-stringify-2.0.0.tgz",
              "integrity": "sha1-1RQsDK7msRifh9OnYREGT4bIu/I="
            },
            "json-schema-traverse": {
              "version": "0.4.1",
              "resolved": "https://registry.npmjs.org/json-schema-traverse/-/json-schema-traverse-0.4.1.tgz",
              "integrity": "sha512-xbbCH5dCYU5T8LcEhhuh7HJ88HXuW3qsI3Y0zOZFKfZEHcpWiHU/Jxzk629Brsab/mMiHQti9wMP+845RPe3Vg=="
            },
            "punycode": {
              "version": "2.1.1",
              "resolved": "https://registry.npmjs.org/punycode/-/punycode-2.1.1.tgz",
              "integrity": "sha512-XRsRjdf+j5ml+y/6GKHPZbrF/8p2Yga0JPtdqTIY2Xe5ohJPD9saDJJLPvp9+NSBprVvevdXZybnj2cv8OEd0A=="
            },
            "uri-js": {
              "version": "4.2.2",
              "resolved": "https://registry.npmjs.org/uri-js/-/uri-js-4.2.2.tgz",
              "integrity": "sha512-KY9Frmirql91X2Qgjry0Wd4Y+YTdrdZheS8TFwvkbLWf/G5KNJDCh6pKL5OZctEW4+0Baa5idK2ZQuELRwPznQ==",
              "requires": {
                "punycode": "^2.1.0"
              }
            }
          }
        },
        "async-queue": {
          "version": "0.1.0",
          "resolved": "https://registry.npmjs.org/async-queue/-/async-queue-0.1.0.tgz",
          "integrity": "sha1-5+H2esZtP2x7h1i4XyywuqZbavQ="
        },
        "commonmark": {
          "version": "0.29.0",
          "resolved": "https://registry.npmjs.org/commonmark/-/commonmark-0.29.0.tgz",
          "integrity": "sha512-Wc3kvAIm0EK85pHsM95Fev31wEN6/zQpwd2qcLDL8psjHRoUFvUeGHevIJAdToWUuFoX8WI/gmeDauqy32xgJQ==",
          "requires": {
            "entities": "~ 1.1.1",
            "mdurl": "~ 1.0.1",
            "minimist": "~ 1.2.0",
            "string.prototype.repeat": "^0.2.0"
          }
        },
        "core-util-is": {
          "version": "1.0.2",
          "resolved": "https://registry.npmjs.org/core-util-is/-/core-util-is-1.0.2.tgz",
          "integrity": "sha1-tf1UIgqivFq1eqtxQMlAdUUDwac="
        },
        "entities": {
          "version": "1.1.2",
          "resolved": "https://registry.npmjs.org/entities/-/entities-1.1.2.tgz",
          "integrity": "sha512-f2LZMYl1Fzu7YSBKg+RoROelpOaNrcGmE9AZubeDfrCEia483oW4MI4VyFd5VNHIgQ/7qm1I0wUHK1eJnn2y2w=="
        },
        "highland": {
          "version": "2.13.4",
          "resolved": "https://registry.npmjs.org/highland/-/highland-2.13.4.tgz",
          "integrity": "sha512-r+YlbnBhCTcrcVzBpzPcrvB0llVjeDWKuXSZVuNBe5WgQJtN2xGUUMZC9WzHCntNIx0rskVernxLoFJUCkmb/Q==",
          "requires": {
            "util-deprecate": "^1.0.2"
          }
        },
        "inherits": {
          "version": "2.0.3",
          "resolved": "https://registry.npmjs.org/inherits/-/inherits-2.0.3.tgz",
          "integrity": "sha1-Yzwsg+PaQqUC9SRmAiSA9CCCYd4="
        },
        "isarray": {
          "version": "1.0.0",
          "resolved": "https://registry.npmjs.org/isarray/-/isarray-1.0.0.tgz",
          "integrity": "sha1-u5NdSFgsuhaMBoNJV6VKPgcSTxE="
        },
        "js-md5": {
          "version": "0.7.3",
          "resolved": "https://registry.npmjs.org/js-md5/-/js-md5-0.7.3.tgz",
          "integrity": "sha512-ZC41vPSTLKGwIRjqDh8DfXoCrdQIyBgspJVPXHBGu4nZlAEvG3nf+jO9avM9RmLiGakg7vz974ms99nEV0tmTQ=="
        },
        "js-sha1": {
          "version": "0.6.0",
          "resolved": "https://registry.npmjs.org/js-sha1/-/js-sha1-0.6.0.tgz",
          "integrity": "sha512-01gwBFreYydzmU9BmZxpVk6svJJHrVxEN3IOiGl6VO93bVKYETJ0sIth6DASI6mIFdt7NmfX9UiByRzsYHGU9w=="
        },
        "json-stringify-safe": {
          "version": "5.0.1",
          "resolved": "https://registry.npmjs.org/json-stringify-safe/-/json-stringify-safe-5.0.1.tgz",
          "integrity": "sha1-Epai1Y/UXxmg9s4B1lcB4sc1tus="
        },
        "luxon": {
          "version": "1.15.0",
          "resolved": "https://registry.npmjs.org/luxon/-/luxon-1.15.0.tgz",
          "integrity": "sha512-HIpK4zIonObWHj9UC80ElykmM/0jTuuXcbPYBYbDGZ3Cq2bL9rACcmppoc6zm5JnmHpnK5bRMIp8/+ei4O0y2Q=="
        },
        "mdurl": {
          "version": "1.0.1",
          "resolved": "https://registry.npmjs.org/mdurl/-/mdurl-1.0.1.tgz",
          "integrity": "sha1-/oWy7HWlkDfyrf7BAP1sYBdhFS4="
        },
        "minimist": {
          "version": "1.2.0",
          "resolved": "https://registry.npmjs.org/minimist/-/minimist-1.2.0.tgz",
          "integrity": "sha1-o1AIsg9BOD7sH7kU9M1d95omQoQ="
        },
        "node-eval": {
          "version": "2.0.0",
          "resolved": "https://registry.npmjs.org/node-eval/-/node-eval-2.0.0.tgz",
          "integrity": "sha512-Ap+L9HznXAVeJj3TJ1op6M6bg5xtTq8L5CU/PJxtkhea/DrIxdTknGKIECKd/v/Lgql95iuMAYvIzBNd0pmcMg==",
          "requires": {
            "path-is-absolute": "1.0.1"
          }
        },
        "path-is-absolute": {
          "version": "1.0.1",
          "resolved": "https://registry.npmjs.org/path-is-absolute/-/path-is-absolute-1.0.1.tgz",
          "integrity": "sha1-F0uSaHNVNP+8es5r9TpanhtcX18="
        },
        "process-nextick-args": {
          "version": "2.0.0",
          "resolved": "https://registry.npmjs.org/process-nextick-args/-/process-nextick-args-2.0.0.tgz",
          "integrity": "sha512-MtEC1TqN0EU5nephaJ4rAtThHtC86dNN9qCuEhtshvpVBkAW5ZO7BASN9REnF9eoXGcRub+pFuKEpOHE+HbEMw=="
        },
        "readable-stream": {
          "version": "2.3.6",
          "resolved": "https://registry.npmjs.org/readable-stream/-/readable-stream-2.3.6.tgz",
          "integrity": "sha512-tQtKA9WIAhBF3+VLAseyMqZeBjW0AHJoxOtYqSUZNJxauErmLbVm2FW1y+J/YA9dUrAC39ITejlZWhVIwawkKw==",
          "requires": {
            "core-util-is": "~1.0.0",
            "inherits": "~2.0.3",
            "isarray": "~1.0.0",
            "process-nextick-args": "~2.0.0",
            "safe-buffer": "~5.1.1",
            "string_decoder": "~1.1.1",
            "util-deprecate": "~1.0.1"
          }
        },
        "safe-buffer": {
          "version": "5.1.2",
          "resolved": "https://registry.npmjs.org/safe-buffer/-/safe-buffer-5.1.2.tgz",
          "integrity": "sha512-Gd2UZBJDkXlY7GbJxfsE8/nvKkUEU1G38c1siN6QP6a9PT9MmHB8GnpscSmMJSoF8LOIrt8ud/wPtojys4G6+g=="
        },
        "serialize-javascript": {
          "version": "1.7.0",
          "resolved": "https://registry.npmjs.org/serialize-javascript/-/serialize-javascript-1.7.0.tgz",
          "integrity": "sha512-ke8UG8ulpFOxO8f8gRYabHQe/ZntKlcig2Mp+8+URDP1D8vJZ0KUt7LYo07q25Z/+JVSgpr/cui9PIp5H6/+nA=="
        },
        "simple-promise-to-async": {
          "version": "1.0.1",
          "resolved": "https://registry.npmjs.org/simple-promise-to-async/-/simple-promise-to-async-1.0.1.tgz",
          "integrity": "sha512-wFMqfAKgRlaF835adJY7RwK5JrwUyu3uFEK/Su7cIK3cXJMcqHQqDfwJhLxkJmlWAp+VcYYsPW/onnzdOq5e4A=="
        },
        "streaming-json-stringify": {
          "version": "3.1.0",
          "resolved": "https://registry.npmjs.org/streaming-json-stringify/-/streaming-json-stringify-3.1.0.tgz",
          "integrity": "sha1-gCAEN6mTzDnE/gAmO3s7kDrIevU=",
          "requires": {
            "json-stringify-safe": "5",
            "readable-stream": "2"
          }
        },
        "string.prototype.repeat": {
          "version": "0.2.0",
          "resolved": "https://registry.npmjs.org/string.prototype.repeat/-/string.prototype.repeat-0.2.0.tgz",
          "integrity": "sha1-q6Nt4I3O5qWjN9SbLqHaGyj8Ds8="
        },
        "string_decoder": {
          "version": "1.1.1",
          "resolved": "https://registry.npmjs.org/string_decoder/-/string_decoder-1.1.1.tgz",
          "integrity": "sha512-n/ShnvDi6FHbbVfviro+WojiFzv+s8MPMHBczVePfUpDJLwoLT0ht1l4YwBCbi8pJAveEEdnkHyPyTP/mzRfwg==",
          "requires": {
            "safe-buffer": "~5.1.0"
          }
        },
        "util-deprecate": {
          "version": "1.0.2",
          "resolved": "https://registry.npmjs.org/util-deprecate/-/util-deprecate-1.0.2.tgz",
          "integrity": "sha1-RQ1Nyfpw3nMnYvvS1KKJgUGaDM8="
        },
        "uuid": {
          "version": "3.3.2",
          "resolved": "https://registry.npmjs.org/uuid/-/uuid-3.3.2.tgz",
          "integrity": "sha512-yXJmeNaw3DnnKAOKJE51sL/ZaYfWJRl1pK9dr19YFCu0ObS231AB1/LbqTKRAQ5kw8A90rA6fr4riOUpTZvQZA=="
        },
        "uuid-by-string": {
          "version": "3.0.2",
          "resolved": "https://registry.npmjs.org/uuid-by-string/-/uuid-by-string-3.0.2.tgz",
          "integrity": "sha512-XA0BuWgMte7RcwEdM+AJOtQWVogkpQkWGX6bEgnYFWSkp4yebZTeapNvGZWZUX+T1/lo6kL+8nY7AczLI+Bjfw==",
          "requires": {
            "js-md5": "^0.7.3",
            "js-sha1": "^0.6.0"
          }
        },
        "vm2": {
          "version": "3.8.1",
          "resolved": "https://registry.npmjs.org/vm2/-/vm2-3.8.1.tgz",
          "integrity": "sha512-ecR1+KFuP7KK2hpo8ItamW0F9pq4dJOd4o+r6OWvAsx2eXGPshP6uKE24qepGshT8v+TF0jpnzugFJak42LuZQ=="
        },
        "xstate": {
          "version": "4.7.8",
          "resolved": "https://registry.npmjs.org/xstate/-/xstate-4.7.8.tgz",
          "integrity": "sha512-pRCBefTPvQRJWpvFi9xP4PkgozqpppKjC4xM1WjeFWxIroV1b7Jch4tnky30ZO4ywpVyn8bQMNRIC+5tuTfEKQ=="
        }
      }
    },
    "@persistr/server-schemas": {
      "version": "4.0.0",
      "requires": {
        "@persistr/server-errors": "^4.0.0",
        "ajv": "^6.10.0"
      },
      "dependencies": {
        "@persistr/server-errors": {
          "version": "4.0.0"
        },
        "ajv": {
          "version": "6.10.0",
          "resolved": "https://registry.npmjs.org/ajv/-/ajv-6.10.0.tgz",
          "integrity": "sha512-nffhOpkymDECQyR0mnsUtoCE8RlX38G0rYP+wgLWFyZuUyuuojSSvi/+euOiQBIn63whYwYVIIH1TvE3tu4OEg==",
          "requires": {
            "fast-deep-equal": "^2.0.1",
            "fast-json-stable-stringify": "^2.0.0",
            "json-schema-traverse": "^0.4.1",
            "uri-js": "^4.2.2"
          }
        },
        "fast-deep-equal": {
          "version": "2.0.1",
          "resolved": "https://registry.npmjs.org/fast-deep-equal/-/fast-deep-equal-2.0.1.tgz",
          "integrity": "sha1-ewUhjd+WZ79/Nwv3/bLLFf3Qqkk="
        },
        "fast-json-stable-stringify": {
          "version": "2.0.0",
          "resolved": "https://registry.npmjs.org/fast-json-stable-stringify/-/fast-json-stable-stringify-2.0.0.tgz",
          "integrity": "sha1-1RQsDK7msRifh9OnYREGT4bIu/I="
        },
        "json-schema-traverse": {
          "version": "0.4.1",
          "resolved": "https://registry.npmjs.org/json-schema-traverse/-/json-schema-traverse-0.4.1.tgz",
          "integrity": "sha512-xbbCH5dCYU5T8LcEhhuh7HJ88HXuW3qsI3Y0zOZFKfZEHcpWiHU/Jxzk629Brsab/mMiHQti9wMP+845RPe3Vg=="
        },
        "punycode": {
          "version": "2.1.1",
          "resolved": "https://registry.npmjs.org/punycode/-/punycode-2.1.1.tgz",
          "integrity": "sha512-XRsRjdf+j5ml+y/6GKHPZbrF/8p2Yga0JPtdqTIY2Xe5ohJPD9saDJJLPvp9+NSBprVvevdXZybnj2cv8OEd0A=="
        },
        "uri-js": {
          "version": "4.2.2",
          "resolved": "https://registry.npmjs.org/uri-js/-/uri-js-4.2.2.tgz",
          "integrity": "sha512-KY9Frmirql91X2Qgjry0Wd4Y+YTdrdZheS8TFwvkbLWf/G5KNJDCh6pKL5OZctEW4+0Baa5idK2ZQuELRwPznQ==",
          "requires": {
            "punycode": "^2.1.0"
          }
        }
      }
    },
    "core-util-is": {
      "version": "1.0.2",
      "resolved": "https://registry.npmjs.org/core-util-is/-/core-util-is-1.0.2.tgz",
      "integrity": "sha1-tf1UIgqivFq1eqtxQMlAdUUDwac="
    },
    "inherits": {
      "version": "2.0.3",
      "resolved": "https://registry.npmjs.org/inherits/-/inherits-2.0.3.tgz",
      "integrity": "sha1-Yzwsg+PaQqUC9SRmAiSA9CCCYd4="
    },
    "isarray": {
      "version": "1.0.0",
      "resolved": "https://registry.npmjs.org/isarray/-/isarray-1.0.0.tgz",
      "integrity": "sha1-u5NdSFgsuhaMBoNJV6VKPgcSTxE="
    },
    "json-stringify-safe": {
      "version": "5.0.1",
      "resolved": "https://registry.npmjs.org/json-stringify-safe/-/json-stringify-safe-5.0.1.tgz",
      "integrity": "sha1-Epai1Y/UXxmg9s4B1lcB4sc1tus="
    },
    "process-nextick-args": {
      "version": "2.0.0",
      "resolved": "https://registry.npmjs.org/process-nextick-args/-/process-nextick-args-2.0.0.tgz",
      "integrity": "sha512-MtEC1TqN0EU5nephaJ4rAtThHtC86dNN9qCuEhtshvpVBkAW5ZO7BASN9REnF9eoXGcRub+pFuKEpOHE+HbEMw=="
    },
    "readable-stream": {
      "version": "2.3.6",
      "resolved": "https://registry.npmjs.org/readable-stream/-/readable-stream-2.3.6.tgz",
      "integrity": "sha512-tQtKA9WIAhBF3+VLAseyMqZeBjW0AHJoxOtYqSUZNJxauErmLbVm2FW1y+J/YA9dUrAC39ITejlZWhVIwawkKw==",
      "requires": {
        "core-util-is": "~1.0.0",
        "inherits": "~2.0.3",
        "isarray": "~1.0.0",
        "process-nextick-args": "~2.0.0",
        "safe-buffer": "~5.1.1",
        "string_decoder": "~1.1.1",
        "util-deprecate": "~1.0.1"
      }
    },
    "safe-buffer": {
      "version": "5.1.2",
      "resolved": "https://registry.npmjs.org/safe-buffer/-/safe-buffer-5.1.2.tgz",
      "integrity": "sha512-Gd2UZBJDkXlY7GbJxfsE8/nvKkUEU1G38c1siN6QP6a9PT9MmHB8GnpscSmMJSoF8LOIrt8ud/wPtojys4G6+g=="
    },
    "streaming-json-stringify": {
      "version": "3.1.0",
      "resolved": "https://registry.npmjs.org/streaming-json-stringify/-/streaming-json-stringify-3.1.0.tgz",
      "integrity": "sha1-gCAEN6mTzDnE/gAmO3s7kDrIevU=",
      "requires": {
        "json-stringify-safe": "5",
        "readable-stream": "2"
      }
    },
    "string_decoder": {
      "version": "1.1.1",
      "resolved": "https://registry.npmjs.org/string_decoder/-/string_decoder-1.1.1.tgz",
      "integrity": "sha512-n/ShnvDi6FHbbVfviro+WojiFzv+s8MPMHBczVePfUpDJLwoLT0ht1l4YwBCbi8pJAveEEdnkHyPyTP/mzRfwg==",
      "requires": {
        "safe-buffer": "~5.1.0"
      }
    },
    "util-deprecate": {
      "version": "1.0.2",
      "resolved": "https://registry.npmjs.org/util-deprecate/-/util-deprecate-1.0.2.tgz",
      "integrity": "sha1-RQ1Nyfpw3nMnYvvS1KKJgUGaDM8="
    },
    "uuid": {
      "version": "3.3.2",
      "resolved": "https://registry.npmjs.org/uuid/-/uuid-3.3.2.tgz",
      "integrity": "sha512-yXJmeNaw3DnnKAOKJE51sL/ZaYfWJRl1pK9dr19YFCu0ObS231AB1/LbqTKRAQ5kw8A90rA6fr4riOUpTZvQZA=="
    }
  }
}
