{
  "name": "@persistr/server-fluent",
  "version": "4.3.2",
  "lockfileVersion": 1,
  "requires": true,
  "dependencies": {
    "async-queue": {
      "version": "0.1.0",
      "resolved": "https://registry.npmjs.org/async-queue/-/async-queue-0.1.0.tgz",
      "integrity": "sha1-5+H2esZtP2x7h1i4XyywuqZbavQ="
    },
    "luxon": {
      "version": "1.15.0",
      "resolved": "https://registry.npmjs.org/luxon/-/luxon-1.15.0.tgz",
      "integrity": "sha512-HIpK4zIonObWHj9UC80ElykmM/0jTuuXcbPYBYbDGZ3Cq2bL9rACcmppoc6zm5JnmHpnK5bRMIp8/+ei4O0y2Q=="
    }
  }
}
