{
  "name": "@persistr/server-fluent",
  "version": "4.3.4",
  "lockfileVersion": 2,
  "requires": true,
  "packages": {
    "": {
      "name": "@persistr/server-fluent",
      "version": "4.3.2",
      "license": "MIT",
      "dependencies": {
        "@persistr/server-errors": "^4.3.2",
        "async-queue": "^0.1.0",
        "luxon": "^1.15.0"
      }
    },
    "node_modules/@persistr/server-errors": {
      "version": "4.3.2",
      "resolved": "https://registry.npmjs.org/@persistr/server-errors/-/server-errors-4.3.2.tgz",
      "integrity": "sha512-91aJqpeXdJPlshaNOFRHt1H/oLoPvYU945frMZLBtVK2MtPrCRfnfcW6woCGlxn9UwzvalD3B3gSeF54AEUlkg=="
    },
    "node_modules/async-queue": {
      "version": "0.1.0",
      "resolved": "https://registry.npmjs.org/async-queue/-/async-queue-0.1.0.tgz",
      "integrity": "sha1-5+H2esZtP2x7h1i4XyywuqZbavQ=",
      "engines": {
        "node": ">= 0.4"
      }
    },
    "node_modules/luxon": {
      "version": "1.25.0",
      "resolved": "https://registry.npmjs.org/luxon/-/luxon-1.25.0.tgz",
      "integrity": "sha512-hEgLurSH8kQRjY6i4YLey+mcKVAWXbDNlZRmM6AgWDJ1cY3atl8Ztf5wEY7VBReFbmGnwQPz7KYJblL8B2k0jQ==",
      "engines": {
        "node": "*"
      }
    }
  },
  "dependencies": {
    "@persistr/server-errors": {
      "version": "4.3.2",
      "resolved": "https://registry.npmjs.org/@persistr/server-errors/-/server-errors-4.3.2.tgz",
      "integrity": "sha512-91aJqpeXdJPlshaNOFRHt1H/oLoPvYU945frMZLBtVK2MtPrCRfnfcW6woCGlxn9UwzvalD3B3gSeF54AEUlkg=="
    },
    "async-queue": {
      "version": "0.1.0",
      "resolved": "https://registry.npmjs.org/async-queue/-/async-queue-0.1.0.tgz",
      "integrity": "sha1-5+H2esZtP2x7h1i4XyywuqZbavQ="
    },
    "luxon": {
      "version": "1.25.0",
      "resolved": "https://registry.npmjs.org/luxon/-/luxon-1.25.0.tgz",
      "integrity": "sha512-hEgLurSH8kQRjY6i4YLey+mcKVAWXbDNlZRmM6AgWDJ1cY3atl8Ztf5wEY7VBReFbmGnwQPz7KYJblL8B2k0jQ=="
    }
  }
}
