{
  "name": "@persistr/server-crypto",
  "version": "4.5.4",
  "lockfileVersion": 2,
  "requires": true,
  "packages": {
    "": {
      "name": "@persistr/server-crypto",
      "version": "4.5.4",
      "license": "MIT",
      "dependencies": {
        "@persistr/server-errors": "^4.5.0",
        "@persistr/server-schemas": "^4.5.0",
        "luxon": "^1.3.2",
        "node-webtokens": "^1.0.0",
        "password-hash-and-salt": "^0.1.4"
      }
    },
    "node_modules/@persistr/server-errors": {
      "version": "4.5.0",
      "resolved": "https://registry.npmjs.org/@persistr/server-errors/-/server-errors-4.5.0.tgz",
      "integrity": "sha512-CfSTD7+utQjRq+O9SRblaypmamkwZhFatPNnp+QtyYbvO7/yTZa2LXVPMbL6cdZ4GKDDDo96dmTkg/QKiT9mxw=="
    },
    "node_modules/@persistr/server-schemas": {
      "version": "4.5.0",
      "resolved": "https://registry.npmjs.org/@persistr/server-schemas/-/server-schemas-4.5.0.tgz",
      "integrity": "sha512-9sfJZWZk08/3UZ4TQlHCLO5B9FtD1Nimyo3hVixkLdHdUEkR8BqvVk28zr+HzrUZXFJavhst5l2m2PB1gmOu1w==",
      "dependencies": {
        "@persistr/server-errors": "^4.5.0",
        "ajv": "^7.0.4",
        "ajv-formats": "^1.5.1"
      }
    },
    "node_modules/ajv": {
      "version": "7.0.4",
      "resolved": "https://registry.npmjs.org/ajv/-/ajv-7.0.4.tgz",
      "integrity": "sha512-xzzzaqgEQfmuhbhAoqjJ8T/1okb6gAzXn/eQRNpAN1AEUoHJTNF9xCDRTtf/s3SKldtZfa+RJeTs+BQq+eZ/sw==",
      "dependencies": {
        "fast-deep-equal": "^3.1.1",
        "json-schema-traverse": "^1.0.0",
        "require-from-string": "^2.0.2",
        "uri-js": "^4.2.2"
      },
      "funding": {
        "type": "github",
        "url": "https://github.com/sponsors/epoberezkin"
      }
    },
    "node_modules/ajv-formats": {
      "version": "1.6.1",
      "resolved": "https://registry.npmjs.org/ajv-formats/-/ajv-formats-1.6.1.tgz",
      "integrity": "sha512-4CjkH20If1lhR5CGtqkrVg3bbOtFEG80X9v6jDOIUhbzzbB+UzPBGy8GQhUNVZ0yvMHdMpawCOcy5ydGMsagGQ==",
      "dependencies": {
        "ajv": "^7.0.0"
      },
      "peerDependencies": {
        "ajv": "^7.0.0"
      },
      "peerDependenciesMeta": {
        "ajv": {
          "optional": true
        }
      }
    },
    "node_modules/fast-deep-equal": {
      "version": "3.1.3",
      "resolved": "https://registry.npmjs.org/fast-deep-equal/-/fast-deep-equal-3.1.3.tgz",
      "integrity": "sha512-f3qQ9oQy9j2AhBe/H9VC91wLmKBCCU/gDOnKNAYG5hswO7BLKj09Hc5HYNz9cGI++xlpDCIgDaitVs03ATR84Q=="
    },
    "node_modules/json-schema-traverse": {
      "version": "1.0.0",
      "resolved": "https://registry.npmjs.org/json-schema-traverse/-/json-schema-traverse-1.0.0.tgz",
      "integrity": "sha512-NM8/P9n3XjXhIZn1lLhkFaACTOURQXjWhV4BA/RnOv8xvgqtqpAX9IO4mRQxSx1Rlo4tqzeqb0sOlruaOy3dug=="
    },
    "node_modules/luxon": {
      "version": "1.25.0",
      "resolved": "https://registry.npmjs.org/luxon/-/luxon-1.25.0.tgz",
      "integrity": "sha512-hEgLurSH8kQRjY6i4YLey+mcKVAWXbDNlZRmM6AgWDJ1cY3atl8Ztf5wEY7VBReFbmGnwQPz7KYJblL8B2k0jQ==",
      "engines": {
        "node": "*"
      }
    },
    "node_modules/node-webtokens": {
      "version": "1.0.4",
      "resolved": "https://registry.npmjs.org/node-webtokens/-/node-webtokens-1.0.4.tgz",
      "integrity": "sha512-Sla56CeSLWvPbwud2kogqf5edQtKNXZBtXDDpmOzAgNZjwETbK/Am6PXfs54iZPLBm8K8amZ9XWaCQwGqZmKyQ==",
      "engines": {
        "node": ">=6.6.0"
      }
    },
    "node_modules/password-hash-and-salt": {
      "version": "0.1.4",
      "resolved": "https://registry.npmjs.org/password-hash-and-salt/-/password-hash-and-salt-0.1.4.tgz",
      "integrity": "sha1-+4e+F5tCsI5JMdiIOROVI43xgLQ="
    },
    "node_modules/punycode": {
      "version": "2.1.1",
      "resolved": "https://registry.npmjs.org/punycode/-/punycode-2.1.1.tgz",
      "integrity": "sha512-XRsRjdf+j5ml+y/6GKHPZbrF/8p2Yga0JPtdqTIY2Xe5ohJPD9saDJJLPvp9+NSBprVvevdXZybnj2cv8OEd0A==",
      "engines": {
        "node": ">=6"
      }
    },
    "node_modules/require-from-string": {
      "version": "2.0.2",
      "resolved": "https://registry.npmjs.org/require-from-string/-/require-from-string-2.0.2.tgz",
      "integrity": "sha512-Xf0nWe6RseziFMu+Ap9biiUbmplq6S9/p+7w7YXP/JBHhrUDDUhwa+vANyubuqfZWTveU//DYVGsDG7RKL/vEw==",
      "engines": {
        "node": ">=0.10.0"
      }
    },
    "node_modules/uri-js": {
      "version": "4.4.1",
      "resolved": "https://registry.npmjs.org/uri-js/-/uri-js-4.4.1.tgz",
      "integrity": "sha512-7rKUyy33Q1yc98pQ1DAmLtwX109F7TIfWlW1Ydo8Wl1ii1SeHieeh0HHfPeL2fMXK6z0s8ecKs9frCuLJvndBg==",
      "dependencies": {
        "punycode": "^2.1.0"
      }
    }
  },
  "dependencies": {
    "@persistr/server-errors": {
      "version": "4.5.0",
      "resolved": "https://registry.npmjs.org/@persistr/server-errors/-/server-errors-4.5.0.tgz",
      "integrity": "sha512-CfSTD7+utQjRq+O9SRblaypmamkwZhFatPNnp+QtyYbvO7/yTZa2LXVPMbL6cdZ4GKDDDo96dmTkg/QKiT9mxw=="
    },
    "@persistr/server-schemas": {
      "version": "4.5.0",
      "resolved": "https://registry.npmjs.org/@persistr/server-schemas/-/server-schemas-4.5.0.tgz",
      "integrity": "sha512-9sfJZWZk08/3UZ4TQlHCLO5B9FtD1Nimyo3hVixkLdHdUEkR8BqvVk28zr+HzrUZXFJavhst5l2m2PB1gmOu1w==",
      "requires": {
        "@persistr/server-errors": "^4.5.0",
        "ajv": "^7.0.4",
        "ajv-formats": "^1.5.1"
      }
    },
    "ajv": {
      "version": "7.0.4",
      "resolved": "https://registry.npmjs.org/ajv/-/ajv-7.0.4.tgz",
      "integrity": "sha512-xzzzaqgEQfmuhbhAoqjJ8T/1okb6gAzXn/eQRNpAN1AEUoHJTNF9xCDRTtf/s3SKldtZfa+RJeTs+BQq+eZ/sw==",
      "requires": {
        "fast-deep-equal": "^3.1.1",
        "json-schema-traverse": "^1.0.0",
        "require-from-string": "^2.0.2",
        "uri-js": "^4.2.2"
      }
    },
    "ajv-formats": {
      "version": "1.6.1",
      "resolved": "https://registry.npmjs.org/ajv-formats/-/ajv-formats-1.6.1.tgz",
      "integrity": "sha512-4CjkH20If1lhR5CGtqkrVg3bbOtFEG80X9v6jDOIUhbzzbB+UzPBGy8GQhUNVZ0yvMHdMpawCOcy5ydGMsagGQ==",
      "requires": {
        "ajv": "^7.0.0"
      }
    },
    "fast-deep-equal": {
      "version": "3.1.3",
      "resolved": "https://registry.npmjs.org/fast-deep-equal/-/fast-deep-equal-3.1.3.tgz",
      "integrity": "sha512-f3qQ9oQy9j2AhBe/H9VC91wLmKBCCU/gDOnKNAYG5hswO7BLKj09Hc5HYNz9cGI++xlpDCIgDaitVs03ATR84Q=="
    },
    "json-schema-traverse": {
      "version": "1.0.0",
      "resolved": "https://registry.npmjs.org/json-schema-traverse/-/json-schema-traverse-1.0.0.tgz",
      "integrity": "sha512-NM8/P9n3XjXhIZn1lLhkFaACTOURQXjWhV4BA/RnOv8xvgqtqpAX9IO4mRQxSx1Rlo4tqzeqb0sOlruaOy3dug=="
    },
    "luxon": {
      "version": "1.25.0",
      "resolved": "https://registry.npmjs.org/luxon/-/luxon-1.25.0.tgz",
      "integrity": "sha512-hEgLurSH8kQRjY6i4YLey+mcKVAWXbDNlZRmM6AgWDJ1cY3atl8Ztf5wEY7VBReFbmGnwQPz7KYJblL8B2k0jQ=="
    },
    "node-webtokens": {
      "version": "1.0.4",
      "resolved": "https://registry.npmjs.org/node-webtokens/-/node-webtokens-1.0.4.tgz",
      "integrity": "sha512-Sla56CeSLWvPbwud2kogqf5edQtKNXZBtXDDpmOzAgNZjwETbK/Am6PXfs54iZPLBm8K8amZ9XWaCQwGqZmKyQ=="
    },
    "password-hash-and-salt": {
      "version": "0.1.4",
      "resolved": "https://registry.npmjs.org/password-hash-and-salt/-/password-hash-and-salt-0.1.4.tgz",
      "integrity": "sha1-+4e+F5tCsI5JMdiIOROVI43xgLQ="
    },
    "punycode": {
      "version": "2.1.1",
      "resolved": "https://registry.npmjs.org/punycode/-/punycode-2.1.1.tgz",
      "integrity": "sha512-XRsRjdf+j5ml+y/6GKHPZbrF/8p2Yga0JPtdqTIY2Xe5ohJPD9saDJJLPvp9+NSBprVvevdXZybnj2cv8OEd0A=="
    },
    "require-from-string": {
      "version": "2.0.2",
      "resolved": "https://registry.npmjs.org/require-from-string/-/require-from-string-2.0.2.tgz",
      "integrity": "sha512-Xf0nWe6RseziFMu+Ap9biiUbmplq6S9/p+7w7YXP/JBHhrUDDUhwa+vANyubuqfZWTveU//DYVGsDG7RKL/vEw=="
    },
    "uri-js": {
      "version": "4.4.1",
      "resolved": "https://registry.npmjs.org/uri-js/-/uri-js-4.4.1.tgz",
      "integrity": "sha512-7rKUyy33Q1yc98pQ1DAmLtwX109F7TIfWlW1Ydo8Wl1ii1SeHieeh0HHfPeL2fMXK6z0s8ecKs9frCuLJvndBg==",
      "requires": {
        "punycode": "^2.1.0"
      }
    }
  }
}
