{
  "name": "@persistr/server-config",
  "version": "4.3.4",
  "lockfileVersion": 2,
  "requires": true,
  "packages": {
    "": {
      "name": "@persistr/server-config",
      "version": "4.3.4",
      "license": "MIT",
      "dependencies": {
        "@persistr/server-errors": "^4.3.4",
        "@persistr/server-schemas": "^4.3.6",
        "connection-string-parser": "^1.0.3",
        "js-yaml": "^4.0.0"
      }
    },
    "node_modules/@persistr/server-errors": {
      "version": "4.3.4",
      "resolved": "https://registry.npmjs.org/@persistr/server-errors/-/server-errors-4.3.4.tgz",
      "integrity": "sha512-EselTw7R4BHSxL8tUrnLUossNxe0y8plVxkeKZs71OqtaAtRlG6dwUHm0i8oiowOj3y+1S9NOmq4x75WjcuSpw=="
    },
    "node_modules/@persistr/server-schemas": {
      "version": "4.3.6",
      "resolved": "https://registry.npmjs.org/@persistr/server-schemas/-/server-schemas-4.3.6.tgz",
      "integrity": "sha512-PjzzJWSyQE8jBnKgXpGGKm3IfFVCBG077TtKnHDLdKV+vDqtHdvZ2UuSf7hbARCVRbPHIHB8/nUbyKMnMRsmhA==",
      "dependencies": {
        "@persistr/server-errors": "^4.3.4",
        "ajv": "^7.0.4",
        "ajv-formats": "^1.5.1"
      }
    },
    "node_modules/ajv": {
      "version": "7.0.4",
      "resolved": "https://registry.npmjs.org/ajv/-/ajv-7.0.4.tgz",
      "integrity": "sha512-xzzzaqgEQfmuhbhAoqjJ8T/1okb6gAzXn/eQRNpAN1AEUoHJTNF9xCDRTtf/s3SKldtZfa+RJeTs+BQq+eZ/sw==",
      "dependencies": {
        "fast-deep-equal": "^3.1.1",
        "json-schema-traverse": "^1.0.0",
        "require-from-string": "^2.0.2",
        "uri-js": "^4.2.2"
      },
      "funding": {
        "type": "github",
        "url": "https://github.com/sponsors/epoberezkin"
      }
    },
    "node_modules/ajv-formats": {
      "version": "1.5.1",
      "resolved": "https://registry.npmjs.org/ajv-formats/-/ajv-formats-1.5.1.tgz",
      "integrity": "sha512-s1RBVF4HZd2UjGkb6t6uWoXjf6o7j7dXPQIL7vprcIT/67bTD6+5ocsU0UKShS2qWxueGDWuGfKHfOxHWrlTQg==",
      "dependencies": {
        "ajv": "^7.0.0"
      }
    },
    "node_modules/argparse": {
      "version": "2.0.1",
      "resolved": "https://registry.npmjs.org/argparse/-/argparse-2.0.1.tgz",
      "integrity": "sha512-8+9WqebbFzpX9OR+Wa6O29asIogeRMzcGtAINdpMHHyAg10f05aSFVBbcEqGf/PXw1EjAZ+q2/bEBg3DvurK3Q=="
    },
    "node_modules/connection-string-parser": {
      "version": "1.0.3",
      "resolved": "https://registry.npmjs.org/connection-string-parser/-/connection-string-parser-1.0.3.tgz",
      "integrity": "sha512-JTfzMX4NkL/kN8PqncU2NXqrIHShyzcG0KQCN+otUtWmuMhpnQuG3wihyNJw3OtbJOXPKwDoI+q8AKMhui/GFQ==",
      "dependencies": {
        "tslib": "^1.10.0"
      }
    },
    "node_modules/fast-deep-equal": {
      "version": "3.1.3",
      "resolved": "https://registry.npmjs.org/fast-deep-equal/-/fast-deep-equal-3.1.3.tgz",
      "integrity": "sha512-f3qQ9oQy9j2AhBe/H9VC91wLmKBCCU/gDOnKNAYG5hswO7BLKj09Hc5HYNz9cGI++xlpDCIgDaitVs03ATR84Q=="
    },
    "node_modules/js-yaml": {
      "version": "4.0.0",
      "resolved": "https://registry.npmjs.org/js-yaml/-/js-yaml-4.0.0.tgz",
      "integrity": "sha512-pqon0s+4ScYUvX30wxQi3PogGFAlUyH0awepWvwkj4jD4v+ova3RiYw8bmA6x2rDrEaj8i/oWKoRxpVNW+Re8Q==",
      "dependencies": {
        "argparse": "^2.0.1"
      },
      "bin": {
        "js-yaml": "bin/js-yaml.js"
      }
    },
    "node_modules/json-schema-traverse": {
      "version": "1.0.0",
      "resolved": "https://registry.npmjs.org/json-schema-traverse/-/json-schema-traverse-1.0.0.tgz",
      "integrity": "sha512-NM8/P9n3XjXhIZn1lLhkFaACTOURQXjWhV4BA/RnOv8xvgqtqpAX9IO4mRQxSx1Rlo4tqzeqb0sOlruaOy3dug=="
    },
    "node_modules/punycode": {
      "version": "2.1.1",
      "resolved": "https://registry.npmjs.org/punycode/-/punycode-2.1.1.tgz",
      "integrity": "sha512-XRsRjdf+j5ml+y/6GKHPZbrF/8p2Yga0JPtdqTIY2Xe5ohJPD9saDJJLPvp9+NSBprVvevdXZybnj2cv8OEd0A==",
      "engines": {
        "node": ">=6"
      }
    },
    "node_modules/require-from-string": {
      "version": "2.0.2",
      "resolved": "https://registry.npmjs.org/require-from-string/-/require-from-string-2.0.2.tgz",
      "integrity": "sha512-Xf0nWe6RseziFMu+Ap9biiUbmplq6S9/p+7w7YXP/JBHhrUDDUhwa+vANyubuqfZWTveU//DYVGsDG7RKL/vEw==",
      "engines": {
        "node": ">=0.10.0"
      }
    },
    "node_modules/tslib": {
      "version": "1.14.1",
      "resolved": "https://registry.npmjs.org/tslib/-/tslib-1.14.1.tgz",
      "integrity": "sha512-Xni35NKzjgMrwevysHTCArtLDpPvye8zV/0E4EyYn43P7/7qvQwPh9BGkHewbMulVntbigmcT7rdX3BNo9wRJg=="
    },
    "node_modules/uri-js": {
      "version": "4.4.1",
      "resolved": "https://registry.npmjs.org/uri-js/-/uri-js-4.4.1.tgz",
      "integrity": "sha512-7rKUyy33Q1yc98pQ1DAmLtwX109F7TIfWlW1Ydo8Wl1ii1SeHieeh0HHfPeL2fMXK6z0s8ecKs9frCuLJvndBg==",
      "dependencies": {
        "punycode": "^2.1.0"
      }
    }
  },
  "dependencies": {
    "@persistr/server-errors": {
      "version": "4.3.4",
      "resolved": "https://registry.npmjs.org/@persistr/server-errors/-/server-errors-4.3.4.tgz",
      "integrity": "sha512-EselTw7R4BHSxL8tUrnLUossNxe0y8plVxkeKZs71OqtaAtRlG6dwUHm0i8oiowOj3y+1S9NOmq4x75WjcuSpw=="
    },
    "@persistr/server-schemas": {
      "version": "4.3.6",
      "resolved": "https://registry.npmjs.org/@persistr/server-schemas/-/server-schemas-4.3.6.tgz",
      "integrity": "sha512-PjzzJWSyQE8jBnKgXpGGKm3IfFVCBG077TtKnHDLdKV+vDqtHdvZ2UuSf7hbARCVRbPHIHB8/nUbyKMnMRsmhA==",
      "requires": {
        "@persistr/server-errors": "^4.3.4",
        "ajv": "^7.0.4",
        "ajv-formats": "^1.5.1"
      }
    },
    "ajv": {
      "version": "7.0.4",
      "resolved": "https://registry.npmjs.org/ajv/-/ajv-7.0.4.tgz",
      "integrity": "sha512-xzzzaqgEQfmuhbhAoqjJ8T/1okb6gAzXn/eQRNpAN1AEUoHJTNF9xCDRTtf/s3SKldtZfa+RJeTs+BQq+eZ/sw==",
      "requires": {
        "fast-deep-equal": "^3.1.1",
        "json-schema-traverse": "^1.0.0",
        "require-from-string": "^2.0.2",
        "uri-js": "^4.2.2"
      }
    },
    "ajv-formats": {
      "version": "1.5.1",
      "resolved": "https://registry.npmjs.org/ajv-formats/-/ajv-formats-1.5.1.tgz",
      "integrity": "sha512-s1RBVF4HZd2UjGkb6t6uWoXjf6o7j7dXPQIL7vprcIT/67bTD6+5ocsU0UKShS2qWxueGDWuGfKHfOxHWrlTQg==",
      "requires": {
        "ajv": "^7.0.0"
      }
    },
    "argparse": {
      "version": "2.0.1",
      "resolved": "https://registry.npmjs.org/argparse/-/argparse-2.0.1.tgz",
      "integrity": "sha512-8+9WqebbFzpX9OR+Wa6O29asIogeRMzcGtAINdpMHHyAg10f05aSFVBbcEqGf/PXw1EjAZ+q2/bEBg3DvurK3Q=="
    },
    "connection-string-parser": {
      "version": "1.0.3",
      "resolved": "https://registry.npmjs.org/connection-string-parser/-/connection-string-parser-1.0.3.tgz",
      "integrity": "sha512-JTfzMX4NkL/kN8PqncU2NXqrIHShyzcG0KQCN+otUtWmuMhpnQuG3wihyNJw3OtbJOXPKwDoI+q8AKMhui/GFQ==",
      "requires": {
        "tslib": "^1.10.0"
      }
    },
    "fast-deep-equal": {
      "version": "3.1.3",
      "resolved": "https://registry.npmjs.org/fast-deep-equal/-/fast-deep-equal-3.1.3.tgz",
      "integrity": "sha512-f3qQ9oQy9j2AhBe/H9VC91wLmKBCCU/gDOnKNAYG5hswO7BLKj09Hc5HYNz9cGI++xlpDCIgDaitVs03ATR84Q=="
    },
    "js-yaml": {
      "version": "4.0.0",
      "resolved": "https://registry.npmjs.org/js-yaml/-/js-yaml-4.0.0.tgz",
      "integrity": "sha512-pqon0s+4ScYUvX30wxQi3PogGFAlUyH0awepWvwkj4jD4v+ova3RiYw8bmA6x2rDrEaj8i/oWKoRxpVNW+Re8Q==",
      "requires": {
        "argparse": "^2.0.1"
      }
    },
    "json-schema-traverse": {
      "version": "1.0.0",
      "resolved": "https://registry.npmjs.org/json-schema-traverse/-/json-schema-traverse-1.0.0.tgz",
      "integrity": "sha512-NM8/P9n3XjXhIZn1lLhkFaACTOURQXjWhV4BA/RnOv8xvgqtqpAX9IO4mRQxSx1Rlo4tqzeqb0sOlruaOy3dug=="
    },
    "punycode": {
      "version": "2.1.1",
      "resolved": "https://registry.npmjs.org/punycode/-/punycode-2.1.1.tgz",
      "integrity": "sha512-XRsRjdf+j5ml+y/6GKHPZbrF/8p2Yga0JPtdqTIY2Xe5ohJPD9saDJJLPvp9+NSBprVvevdXZybnj2cv8OEd0A=="
    },
    "require-from-string": {
      "version": "2.0.2",
      "resolved": "https://registry.npmjs.org/require-from-string/-/require-from-string-2.0.2.tgz",
      "integrity": "sha512-Xf0nWe6RseziFMu+Ap9biiUbmplq6S9/p+7w7YXP/JBHhrUDDUhwa+vANyubuqfZWTveU//DYVGsDG7RKL/vEw=="
    },
    "tslib": {
      "version": "1.14.1",
      "resolved": "https://registry.npmjs.org/tslib/-/tslib-1.14.1.tgz",
      "integrity": "sha512-Xni35NKzjgMrwevysHTCArtLDpPvye8zV/0E4EyYn43P7/7qvQwPh9BGkHewbMulVntbigmcT7rdX3BNo9wRJg=="
    },
    "uri-js": {
      "version": "4.4.1",
      "resolved": "https://registry.npmjs.org/uri-js/-/uri-js-4.4.1.tgz",
      "integrity": "sha512-7rKUyy33Q1yc98pQ1DAmLtwX109F7TIfWlW1Ydo8Wl1ii1SeHieeh0HHfPeL2fMXK6z0s8ecKs9frCuLJvndBg==",
      "requires": {
        "punycode": "^2.1.0"
      }
    }
  }
}
